
Microsoft Visual Studio Solution File, Format Version 12.00
# Visual Studio Version 17
VisualStudioVersion = 17.5.33627.172
MinimumVisualStudioVersion = 10.0.40219.1
Project("{FAE04EC0-301F-11D3-BF4B-00C04F79EFBC}") = "A2RamandeepDhaliwal", "A2RamandeepDhaliwal\A2RamandeepDhaliwal.csproj", "{FACF614E-DBE7-426D-87C3-6CC427950CF6}"
EndProject
Global
	GlobalSection(SolutionConfigurationPlatforms) = preSolution
		Debug|Any CPU = Debug|Any CPU
		Release|Any CPU = Release|Any CPU
	EndGlobalSection
	GlobalSection(ProjectConfigurationPlatforms) = postSolution
		{FACF614E-DBE7-426D-87C3-6CC427950CF6}.Debug|Any CPU.ActiveCfg = Debug|Any CPU
		{FACF614E-DBE7-426D-87C3-6CC427950CF6}.Debug|Any CPU.Build.0 = Debug|Any CPU
		{FACF614E-DBE7-426D-87C3-6CC427950CF6}.Release|Any CPU.ActiveCfg = Release|Any CPU
		{FACF614E-DBE7-426D-87C3-6CC427950CF6}.Release|Any CPU.Build.0 = Release|Any CPU
	EndGlobalSection
	GlobalSection(SolutionProperties) = preSolution
		HideSolutionNode = FALSE
	EndGlobalSection
	GlobalSection(ExtensibilityGlobals) = postSolution
		SolutionGuid = {59D75FDC-61DD-45DF-9D60-1B9064DED22F}
	EndGlobalSection
EndGlobal
